
Microsoft Visual Studio Solution File, Format Version 12.00
# Visual Studio Version 17
VisualStudioVersion = 17.3.32929.385
MinimumVisualStudioVersion = 10.0.40219.1
Project("{FAE04EC0-301F-11D3-BF4B-00C04F79EFBC}") = "Lab22", "Lab22\Lab22.csproj", "{78C38676-BB27-4122-BAD9-34C5BE498FA2}"
EndProject
Global
	GlobalSection(SolutionConfigurationPlatforms) = preSolution
		Debug|Any CPU = Debug|Any CPU
		Release|Any CPU = Release|Any CPU
	EndGlobalSection
	GlobalSection(ProjectConfigurationPlatforms) = postSolution
		{78C38676-BB27-4122-BAD9-34C5BE498FA2}.Debug|Any CPU.ActiveCfg = Debug|Any CPU
		{78C38676-BB27-4122-BAD9-34C5BE498FA2}.Debug|Any CPU.Build.0 = Debug|Any CPU
		{78C38676-BB27-4122-BAD9-34C5BE498FA2}.Release|Any CPU.ActiveCfg = Release|Any CPU
		{78C38676-BB27-4122-BAD9-34C5BE498FA2}.Release|Any CPU.Build.0 = Release|Any CPU
	EndGlobalSection
	GlobalSection(SolutionProperties) = preSolution
		HideSolutionNode = FALSE
	EndGlobalSection
	GlobalSection(ExtensibilityGlobals) = postSolution
		SolutionGuid = {559658B6-B645-41F8-8961-DA872A1C3F13}
	EndGlobalSection
EndGlobal
